{
  "version": "5",
  "specifiers": {
    "jsr:@libs/logger@^3.1.4": "3.1.4"
  },
  "jsr": {
    "@libs/logger@3.1.4": {
      "integrity": "595880dc7d31ddc9ebe5c395665a02862bc4920737c5284918849d03b9a77a1f"
    }
  },
  "workspace": {
    "dependencies": [
      "jsr:@libs/logger@^3.1.4"
    ]
  }
}
